// !$*UTF8*$!
{
	archiveVersion = 1;
	classes = {
	};
	objectVersion = 56;
	objects = {

/* Begin PBXBuildFile section */
		30B4F05329A6C0D500214769 /* Zaza_HunterApp.swift in Sources */ = {isa = PBXBuildFile; fileRef = 30B4F05229A6C0D500214769 /* Zaza_HunterApp.swift */; };
		30B4F05529A6C0D500214769 /* ContentView.swift in Sources */ = {isa = PBXBuildFile; fileRef = 30B4F05429A6C0D500214769 /* ContentView.swift */; };
		30B4F05729A6C0D600214769 /* Assets.xcassets in Resources */ = {isa = PBXBuildFile; fileRef = 30B4F05629A6C0D600214769 /* Assets.xcassets */; };
		30B4F05A29A6C0D600214769 /* Preview Assets.xcassets in Resources */ = {isa = PBXBuildFile; fileRef = 30B4F05929A6C0D600214769 /* Preview Assets.xcassets */; };
		30B4F06429A6C0D700214769 /* Zaza_HunterTests.swift in Sources */ = {isa = PBXBuildFile; fileRef = 30B4F06329A6C0D700214769 /* Zaza_HunterTests.swift */; };
		30B4F06E29A6C0D700214769 /* Zaza_HunterUITests.swift in Sources */ = {isa = PBXBuildFile; fileRef = 30B4F06D29A6C0D700214769 /* Zaza_HunterUITests.swift */; };
		30B4F07029A6C0D700214769 /* Zaza_HunterUITestsLaunchTests.swift in Sources */ = {isa = PBXBuildFile; fileRef = 30B4F06F29A6C0D700214769 /* Zaza_HunterUITestsLaunchTests.swift */; };
		30B4F07D29A6C21300214769 /* LocationManager.swift in Sources */ = {isa = PBXBuildFile; fileRef = 30B4F07C29A6C21300214769 /* LocationManager.swift */; };
/* End PBXBuildFile section */

/* Begin PBXContainerItemProxy section */
		30B4F06029A6C0D700214769 /* PBXContainerItemProxy */ = {
			isa = PBXContainerItemProxy;
			containerPortal = 30B4F04729A6C0D500214769 /* Project object */;
			proxyType = 1;
			remoteGlobalIDString = 30B4F04E29A6C0D500214769;
			remoteInfo = "Zaza Hunter";
		};
		30B4F06A29A6C0D700214769 /* PBXContainerItemProxy */ = {
			isa = PBXContainerItemProxy;
			containerPortal = 30B4F04729A6C0D500214769 /* Project object */;
			proxyType = 1;
			remoteGlobalIDString = 30B4F04E29A6C0D500214769;
			remoteInfo = "Zaza Hunter";
		};
/* End PBXContainerItemProxy section */

/* Begin PBXFileReference section */
		30B4F04F29A6C0D500214769 /* Zaza Hunter.app */ = {isa = PBXFileReference; explicitFileType = wrapper.application; includeInIndex = 0; path = "Zaza Hunter.app"; sourceTree = BUILT_PRODUCTS_DIR; };
		30B4F05229A6C0D500214769 /* Zaza_HunterApp.swift */ = {isa = PBXFileReference; lastKnownFileType = sourcecode.swift; path = Zaza_HunterApp.swift; sourceTree = "<group>"; };
		30B4F05429A6C0D500214769 /* ContentView.swift */ = {isa = PBXFileReference; lastKnownFileType = sourcecode.swift; path = ContentView.swift; sourceTree = "<group>"; };
		30B4F05629A6C0D600214769 /* Assets.xcassets */ = {isa = PBXFileReference; lastKnownFileType = folder.assetcatalog; path = Assets.xcassets; sourceTree = "<group>"; };
		30B4F05929A6C0D600214769 /* Preview Assets.xcassets */ = {isa = PBXFileReference; lastKnownFileType = folder.assetcatalog; path = "Preview Assets.xcassets"; sourceTree = "<group>"; };
		30B4F05F29A6C0D700214769 /* Zaza HunterTests.xctest */ = {isa = PBXFileReference; explicitFileType = wrapper.cfbundle; includeInIndex = 0; path = "Zaza HunterTests.xctest"; sourceTree = BUILT_PRODUCTS_DIR; };
		30B4F06329A6C0D700214769 /* Zaza_HunterTests.swift */ = {isa = PBXFileReference; lastKnownFileType = sourcecode.swift; path = Zaza_HunterTests.swift; sourceTree = "<group>"; };
		30B4F06929A6C0D700214769 /* Zaza HunterUITests.xctest */ = {isa = PBXFileReference; explicitFileType = wrapper.cfbundle; includeInIndex = 0; path = "Zaza HunterUITests.xctest"; sourceTree = BUILT_PRODUCTS_DIR; };
		30B4F06D29A6C0D700214769 /* Zaza_HunterUITests.swift */ = {isa = PBXFileReference; lastKnownFileType = sourcecode.swift; path = Zaza_HunterUITests.swift; sourceTree = "<group>"; };
		30B4F06F29A6C0D700214769 /* Zaza_HunterUITestsLaunchTests.swift */ = {isa = PBXFileReference; lastKnownFileType = sourcecode.swift; path = Zaza_HunterUITestsLaunchTests.swift; sourceTree = "<group>"; };
		30B4F07C29A6C21300214769 /* LocationManager.swift */ = {isa = PBXFileReference; lastKnownFileType = sourcecode.swift; path = LocationManager.swift; sourceTree = "<group>"; };
/* End PBXFileReference section */

/* Begin PBXFrameworksBuildPhase section */
		30B4F04C29A6C0D500214769 /* Frameworks */ = {
			isa = PBXFrameworksBuildPhase;
			buildActionMask = 2147483647;
			files = (
			);
			runOnlyForDeploymentPostprocessing = 0;
		};
		30B4F05C29A6C0D700214769 /* Frameworks */ = {
			isa = PBXFrameworksBuildPhase;
			buildActionMask = 2147483647;
			files = (
			);
			runOnlyForDeploymentPostprocessing = 0;
		};
		30B4F06629A6C0D700214769 /* Frameworks */ = {
			isa = PBXFrameworksBuildPhase;
			buildActionMask = 2147483647;
			files = (
			);
			runOnlyForDeploymentPostprocessing = 0;
		};
/* End PBXFrameworksBuildPhase section */

/* Begin PBXGroup section */
		30B4F04629A6C0D500214769 = {
			isa = PBXGroup;
			children = (
				30B4F07C29A6C21300214769 /* LocationManager.swift */,
				30B4F05129A6C0D500214769 /* Zaza Hunter */,
				30B4F06229A6C0D700214769 /* Zaza HunterTests */,
				30B4F06C29A6C0D700214769 /* Zaza HunterUITests */,
				30B4F05029A6C0D500214769 /* Products */,
			);
			sourceTree = "<group>";
		};
		30B4F05029A6C0D500214769 /* Products */ = {
			isa = PBXGroup;
			children = (
				30B4F04F29A6C0D500214769 /* Zaza Hunter.app */,
				30B4F05F29A6C0D700214769 /* Zaza HunterTests.xctest */,
				30B4F06929A6C0D700214769 /* Zaza HunterUITests.xctest */,
			);
			name = Products;
			sourceTree = "<group>";
		};
		30B4F05129A6C0D500214769 /* Zaza Hunter */ = {
			isa = PBXGroup;
			children = (
				30B4F05229A6C0D500214769 /* Zaza_HunterApp.swift */,
				30B4F05429A6C0D500214769 /* ContentView.swift */,
				30B4F05629A6C0D600214769 /* Assets.xcassets */,
				30B4F05829A6C0D600214769 /* Preview Content */,
			);
			path = "Zaza Hunter";
			sourceTree = "<group>";
		};
		30B4F05829A6C0D600214769 /* Preview Content */ = {
			isa = PBXGroup;
			children = (
				30B4F05929A6C0D600214769 /* Preview Assets.xcassets */,
			);
			path = "Preview Content";
			sourceTree = "<group>";
		};
		30B4F06229A6C0D700214769 /* Zaza HunterTests */ = {
			isa = PBXGroup;
			children = (
				30B4F06329A6C0D700214769 /* Zaza_HunterTests.swift */,
			);
			path = "Zaza HunterTests";
			sourceTree = "<group>";
		};
		30B4F06C29A6C0D700214769 /* Zaza HunterUITests */ = {
			isa = PBXGroup;
			children = (
				30B4F06D29A6C0D700214769 /* Zaza_HunterUITests.swift */,
				30B4F06F29A6C0D700214769 /* Zaza_HunterUITestsLaunchTests.swift */,
			);
			path = "Zaza HunterUITests";
			sourceTree = "<group>";
		};
/* End PBXGroup section */

/* Begin PBXNativeTarget section */
		30B4F04E29A6C0D500214769 /* Zaza Hunter */ = {
			isa = PBXNativeTarget;
			buildConfigurationList = 30B4F07329A6C0D700214769 /* Build configuration list for PBXNativeTarget "Zaza Hunter" */;
			buildPhases = (
				30B4F04B29A6C0D500214769 /* Sources */,
				30B4F04C29A6C0D500214769 /* Frameworks */,
				30B4F04D29A6C0D500214769 /* Resources */,
			);
			buildRules = (
			);
			dependencies = (
			);
			name = "Zaza Hunter";
			productName = "Zaza Hunter";
			productReference = 30B4F04F29A6C0D500214769 /* Zaza Hunter.app */;
			productType = "com.apple.product-type.application";
		};
		30B4F05E29A6C0D700214769 /* Zaza HunterTests */ = {
			isa = PBXNativeTarget;
			buildConfigurationList = 30B4F07629A6C0D700214769 /* Build configuration list for PBXNativeTarget "Zaza HunterTests" */;
			buildPhases = (
				30B4F05B29A6C0D700214769 /* Sources */,
				30B4F05C29A6C0D700214769 /* Frameworks */,
				30B4F05D29A6C0D700214769 /* Resources */,
			);
			buildRules = (
			);
			dependencies = (
				30B4F06129A6C0D700214769 /* PBXTargetDependency */,
			);
			name = "Zaza HunterTests";
			productName = "Zaza HunterTests";
			productReference = 30B4F05F29A6C0D700214769 /* Zaza HunterTests.xctest */;
			productType = "com.apple.product-type.bundle.unit-test";
		};
		30B4F06829A6C0D700214769 /* Zaza HunterUITests */ = {
			isa = PBXNativeTarget;
			buildConfigurationList = 30B4F07929A6C0D700214769 /* Build configuration list for PBXNativeTarget "Zaza HunterUITests" */;
			buildPhases = (
				30B4F06529A6C0D700214769 /* Sources */,
				30B4F06629A6C0D700214769 /* Frameworks */,
				30B4F06729A6C0D700214769 /* Resources */,
			);
			buildRules = (
			);
			dependencies = (
				30B4F06B29A6C0D700214769 /* PBXTargetDependency */,
			);
			name = "Zaza HunterUITests";
			productName = "Zaza HunterUITests";
			productReference = 30B4F06929A6C0D700214769 /* Zaza HunterUITests.xctest */;
			productType = "com.apple.product-type.bundle.ui-testing";
		};
/* End PBXNativeTarget section */

/* Begin PBXProject section */
		30B4F04729A6C0D500214769 /* Project object */ = {
			isa = PBXProject;
			attributes = {
				BuildIndependentTargetsInParallel = 1;
				LastSwiftUpdateCheck = 1400;
				LastUpgradeCheck = 1400;
				TargetAttributes = {
					30B4F04E29A6C0D500214769 = {
						CreatedOnToolsVersion = 14.0.1;
					};
					30B4F05E29A6C0D700214769 = {
						CreatedOnToolsVersion = 14.0.1;
						TestTargetID = 30B4F04E29A6C0D500214769;
					};
					30B4F06829A6C0D700214769 = {
						CreatedOnToolsVersion = 14.0.1;
						TestTargetID = 30B4F04E29A6C0D500214769;
					};
				};
			};
			buildConfigurationList = 30B4F04A29A6C0D500214769 /* Build configuration list for PBXProject "Zaza Hunter" */;
			compatibilityVersion = "Xcode 14.0";
			developmentRegion = en;
			hasScannedForEncodings = 0;
			knownRegions = (
				en,
				Base,
			);
			mainGroup = 30B4F04629A6C0D500214769;
			productRefGroup = 30B4F05029A6C0D500214769 /* Products */;
			projectDirPath = "";
			projectRoot = "";
			targets = (
				30B4F04E29A6C0D500214769 /* Zaza Hunter */,
				30B4F05E29A6C0D700214769 /* Zaza HunterTests */,
				30B4F06829A6C0D700214769 /* Zaza HunterUITests */,
			);
		};
/* End PBXProject section */

/* Begin PBXResourcesBuildPhase section */
		30B4F04D29A6C0D500214769 /* Resources */ = {
			isa = PBXResourcesBuildPhase;
			buildActionMask = 2147483647;
			files = (
				30B4F05A29A6C0D600214769 /* Preview Assets.xcassets in Resources */,
				30B4F05729A6C0D600214769 /* Assets.xcassets in Resources */,
			);
			runOnlyForDeploymentPostprocessing = 0;
		};
		30B4F05D29A6C0D700214769 /* Resources */ = {
			isa = PBXResourcesBuildPhase;
			buildActionMask = 2147483647;
			files = (
			);
			runOnlyForDeploymentPostprocessing = 0;
		};
		30B4F06729A6C0D700214769 /* Resources */ = {
			isa = PBXResourcesBuildPhase;
			buildActionMask = 2147483647;
			files = (
			);
			runOnlyForDeploymentPostprocessing = 0;
		};
/* End PBXResourcesBuildPhase section */

/* Begin PBXSourcesBuildPhase section */
		30B4F04B29A6C0D500214769 /* Sources */ = {
			isa = PBXSourcesBuildPhase;
			buildActionMask = 2147483647;
			files = (
				30B4F05529A6C0D500214769 /* ContentView.swift in Sources */,
				30B4F05329A6C0D500214769 /* Zaza_HunterApp.swift in Sources */,
				30B4F07D29A6C21300214769 /* LocationManager.swift in Sources */,
			);
			runOnlyForDeploymentPostprocessing = 0;
		};
		30B4F05B29A6C0D700214769 /* Sources */ = {
			isa = PBXSourcesBuildPhase;
			buildActionMask = 2147483647;
			files = (
				30B4F06429A6C0D700214769 /* Zaza_HunterTests.swift in Sources */,
			);
			runOnlyForDeploymentPostprocessing = 0;
		};
		30B4F06529A6C0D700214769 /* Sources */ = {
			isa = PBXSourcesBuildPhase;
			buildActionMask = 2147483647;
			files = (
				30B4F07029A6C0D700214769 /* Zaza_HunterUITestsLaunchTests.swift in Sources */,
				30B4F06E29A6C0D700214769 /* Zaza_HunterUITests.swift in Sources */,
			);
			runOnlyForDeploymentPostprocessing = 0;
		};
/* End PBXSourcesBuildPhase section */

/* Begin PBXTargetDependency section */
		30B4F06129A6C0D700214769 /* PBXTargetDependency */ = {
			isa = PBXTargetDependency;
			target = 30B4F04E29A6C0D500214769 /* Zaza Hunter */;
			targetProxy = 30B4F06029A6C0D700214769 /* PBXContainerItemProxy */;
		};
		30B4F06B29A6C0D700214769 /* PBXTargetDependency */ = {
			isa = PBXTargetDependency;
			target = 30B4F04E29A6C0D500214769 /* Zaza Hunter */;
			targetProxy = 30B4F06A29A6C0D700214769 /* PBXContainerItemProxy */;
		};
/* End PBXTargetDependency section */

/* Begin XCBuildConfiguration section */
		30B4F07129A6C0D700214769 /* Debug */ = {
			isa = XCBuildConfiguration;
			buildSettings = {
				ALWAYS_SEARCH_USER_PATHS = NO;
				CLANG_ANALYZER_NONNULL = YES;
				CLANG_ANALYZER_NUMBER_OBJECT_CONVERSION = YES_AGGRESSIVE;
				CLANG_CXX_LANGUAGE_STANDARD = "gnu++20";
				CLANG_ENABLE_MODULES = YES;
				CLANG_ENABLE_OBJC_ARC = YES;
				CLANG_ENABLE_OBJC_WEAK = YES;
				CLANG_WARN_BLOCK_CAPTURE_AUTORELEASING = YES;
				CLANG_WARN_BOOL_CONVERSION = YES;
				CLANG_WARN_COMMA = YES;
				CLANG_WARN_CONSTANT_CONVERSION = YES;
				CLANG_WARN_DEPRECATED_OBJC_IMPLEMENTATIONS = YES;
				CLANG_WARN_DIRECT_OBJC_ISA_USAGE = YES_ERROR;
				CLANG_WARN_DOCUMENTATION_COMMENTS = YES;
				CLANG_WARN_EMPTY_BODY = YES;
				CLANG_WARN_ENUM_CONVERSION = YES;
				CLANG_WARN_INFINITE_RECURSION = YES;
				CLANG_WARN_INT_CONVERSION = YES;
				CLANG_WARN_NON_LITERAL_NULL_CONVERSION = YES;
				CLANG_WARN_OBJC_IMPLICIT_RETAIN_SELF = YES;
				CLANG_WARN_OBJC_LITERAL_CONVERSION = YES;
				CLANG_WARN_OBJC_ROOT_CLASS = YES_ERROR;
				CLANG_WARN_QUOTED_INCLUDE_IN_FRAMEWORK_HEADER = YES;
				CLANG_WARN_RANGE_LOOP_ANALYSIS = YES;
				CLANG_WARN_STRICT_PROTOTYPES = YES;
				CLANG_WARN_SUSPICIOUS_MOVE = YES;
				CLANG_WARN_UNGUARDED_AVAILABILITY = YES_AGGRESSIVE;
				CLANG_WARN_UNREACHABLE_CODE = YES;
				CLANG_WARN__DUPLICATE_METHOD_MATCH = YES;
				COPY_PHASE_STRIP = NO;
				DEBUG_INFORMATION_FORMAT = dwarf;
				ENABLE_STRICT_OBJC_MSGSEND = YES;
				ENABLE_TESTABILITY = YES;
				GCC_C_LANGUAGE_STANDARD = gnu11;
				GCC_DYNAMIC_NO_PIC = NO;
				GCC_NO_COMMON_BLOCKS = YES;
				GCC_OPTIMIZATION_LEVEL = 0;
				GCC_PREPROCESSOR_DEFINITIONS = (
					"DEBUG=1",
					"$(inherited)",
				);
				GCC_WARN_64_TO_32_BIT_CONVERSION = YES;
				GCC_WARN_ABOUT_RETURN_TYPE = YES_ERROR;
				GCC_WARN_UNDECLARED_SELECTOR = YES;
				GCC_WARN_UNINITIALIZED_AUTOS = YES_AGGRESSIVE;
				GCC_WARN_UNUSED_FUNCTION = YES;
				GCC_WARN_UNUSED_VARIABLE = YES;
				IPHONEOS_DEPLOYMENT_TARGET = 16.0;
				MTL_ENABLE_DEBUG_INFO = INCLUDE_SOURCE;
				MTL_FAST_MATH = YES;
				ONLY_ACTIVE_ARCH = YES;
				SDKROOT = iphoneos;
				SWIFT_ACTIVE_COMPILATION_CONDITIONS = DEBUG;
				SWIFT_OPTIMIZATION_LEVEL = "-Onone";
			};
			name = Debug;
		};
		30B4F07229A6C0D700214769 /* Release */ = {
			isa = XCBuildConfiguration;
			buildSettings = {
				ALWAYS_SEARCH_USER_PATHS = NO;
				CLANG_ANALYZER_NONNULL = YES;
				CLANG_ANALYZER_NUMBER_OBJECT_CONVERSION = YES_AGGRESSIVE;
				CLANG_CXX_LANGUAGE_STANDARD = "gnu++20";
				CLANG_ENABLE_MODULES = YES;
				CLANG_ENABLE_OBJC_ARC = YES;
				CLANG_ENABLE_OBJC_WEAK = YES;
				CLANG_WARN_BLOCK_CAPTURE_AUTORELEASING = YES;
				CLANG_WARN_BOOL_CONVERSION = YES;
				CLANG_WARN_COMMA = YES;
				CLANG_WARN_CONSTANT_CONVERSION = YES;
				CLANG_WARN_DEPRECATED_OBJC_IMPLEMENTATIONS = YES;
				CLANG_WARN_DIRECT_OBJC_ISA_USAGE = YES_ERROR;
				CLANG_WARN_DOCUMENTATION_COMMENTS = YES;
				CLANG_WARN_EMPTY_BODY = YES;
				CLANG_WARN_ENUM_CONVERSION = YES;
				CLANG_WARN_INFINITE_RECURSION = YES;
				CLANG_WARN_INT_CONVERSION = YES;
				CLANG_WARN_NON_LITERAL_NULL_CONVERSION = YES;
				CLANG_WARN_OBJC_IMPLICIT_RETAIN_SELF = YES;
				CLANG_WARN_OBJC_LITERAL_CONVERSION = YES;
				CLANG_WARN_OBJC_ROOT_CLASS = YES_ERROR;
				CLANG_WARN_QUOTED_INCLUDE_IN_FRAMEWORK_HEADER = YES;
				CLANG_WARN_RANGE_LOOP_ANALYSIS = YES;
				CLANG_WARN_STRICT_PROTOTYPES = YES;
				CLANG_WARN_SUSPICIOUS_MOVE = YES;
				CLANG_WARN_UNGUARDED_AVAILABILITY = YES_AGGRESSIVE;
				CLANG_WARN_UNREACHABLE_CODE = YES;
				CLANG_WARN__DUPLICATE_METHOD_MATCH = YES;
				COPY_PHASE_STRIP = NO;
				DEBUG_INFORMATION_FORMAT = "dwarf-with-dsym";
				ENABLE_NS_ASSERTIONS = NO;
				ENABLE_STRICT_OBJC_MSGSEND = YES;
				GCC_C_LANGUAGE_STANDARD = gnu11;
				GCC_NO_COMMON_BLOCKS = YES;
				GCC_WARN_64_TO_32_BIT_CONVERSION = YES;
				GCC_WARN_ABOUT_RETURN_TYPE = YES_ERROR;
				GCC_WARN_UNDECLARED_SELECTOR = YES;
				GCC_WARN_UNINITIALIZED_AUTOS = YES_AGGRESSIVE;
				GCC_WARN_UNUSED_FUNCTION = YES;
				GCC_WARN_UNUSED_VARIABLE = YES;
				IPHONEOS_DEPLOYMENT_TARGET = 16.0;
				MTL_ENABLE_DEBUG_INFO = NO;
				MTL_FAST_MATH = YES;
				SDKROOT = iphoneos;
				SWIFT_COMPILATION_MODE = wholemodule;
				SWIFT_OPTIMIZATION_LEVEL = "-O";
				VALIDATE_PRODUCT = YES;
			};
			name = Release;
		};
		30B4F07429A6C0D700214769 /* Debug */ = {
			isa = XCBuildConfiguration;
			buildSettings = {
				ASSETCATALOG_COMPILER_APPICON_NAME = AppIcon;
				ASSETCATALOG_COMPILER_GLOBAL_ACCENT_COLOR_NAME = AccentColor;
				CODE_SIGN_STYLE = Automatic;
				CURRENT_PROJECT_VERSION = 1;
				DEVELOPMENT_ASSET_PATHS = "\"Zaza Hunter/Preview Content\"";
				DEVELOPMENT_TEAM = NX45SC475G;
				ENABLE_PREVIEWS = YES;
				GENERATE_INFOPLIST_FILE = YES;
				INFOPLIST_KEY_UIApplicationSceneManifest_Generation = YES;
				INFOPLIST_KEY_UIApplicationSupportsIndirectInputEvents = YES;
				INFOPLIST_KEY_UILaunchScreen_Generation = YES;
				INFOPLIST_KEY_UISupportedInterfaceOrientations_iPad = "UIInterfaceOrientationPortrait UIInterfaceOrientationPortraitUpsideDown UIInterfaceOrientationLandscapeLeft UIInterfaceOrientationLandscapeRight";
				INFOPLIST_KEY_UISupportedInterfaceOrientations_iPhone = "UIInterfaceOrientationPortrait UIInterfaceOrientationLandscapeLeft UIInterfaceOrientationLandscapeRight";
				LD_RUNPATH_SEARCH_PATHS = (
					"$(inherited)",
					"@executable_path/Frameworks",
				);
				MARKETING_VERSION = 1.0;
				PRODUCT_BUNDLE_IDENTIFIER = "MApps.Zaza-Hunter";
				PRODUCT_NAME = "$(TARGET_NAME)";
				SWIFT_EMIT_LOC_STRINGS = YES;
				SWIFT_VERSION = 5.0;
				TARGETED_DEVICE_FAMILY = "1,2";
			};
			name = Debug;
		};
		30B4F07529A6C0D700214769 /* Release */ = {
			isa = XCBuildConfiguration;
			buildSettings = {
				ASSETCATALOG_COMPILER_APPICON_NAME = AppIcon;
				ASSETCATALOG_COMPILER_GLOBAL_ACCENT_COLOR_NAME = AccentColor;
				CODE_SIGN_STYLE = Automatic;
				CURRENT_PROJECT_VERSION = 1;
				DEVELOPMENT_ASSET_PATHS = "\"Zaza Hunter/Preview Content\"";
				DEVELOPMENT_TEAM = NX45SC475G;
				ENABLE_PREVIEWS = YES;
				GENERATE_INFOPLIST_FILE = YES;
				INFOPLIST_KEY_UIApplicationSceneManifest_Generation = YES;
				INFOPLIST_KEY_UIApplicationSupportsIndirectInputEvents = YES;
				INFOPLIST_KEY_UILaunchScreen_Generation = YES;
				INFOPLIST_KEY_UISupportedInterfaceOrientations_iPad = "UIInterfaceOrientationPortrait UIInterfaceOrientationPortraitUpsideDown UIInterfaceOrientationLandscapeLeft UIInterfaceOrientationLandscapeRight";
				INFOPLIST_KEY_UISupportedInterfaceOrientations_iPhone = "UIInterfaceOrientationPortrait UIInterfaceOrientationLandscapeLeft UIInterfaceOrientationLandscapeRight";
				LD_RUNPATH_SEARCH_PATHS = (
					"$(inherited)",
					"@executable_path/Frameworks",
				);
				MARKETING_VERSION = 1.0;
				PRODUCT_BUNDLE_IDENTIFIER = "MApps.Zaza-Hunter";
				PRODUCT_NAME = "$(TARGET_NAME)";
				SWIFT_EMIT_LOC_STRINGS = YES;
				SWIFT_VERSION = 5.0;
				TARGETED_DEVICE_FAMILY = "1,2";
			};
			name = Release;
		};
		30B4F07729A6C0D700214769 /* Debug */ = {
			isa = XCBuildConfiguration;
			buildSettings = {
				ALWAYS_EMBED_SWIFT_STANDARD_LIBRARIES = YES;
				BUNDLE_LOADER = "$(TEST_HOST)";
				CODE_SIGN_STYLE = Automatic;
				CURRENT_PROJECT_VERSION = 1;
				DEVELOPMENT_TEAM = NX45SC475G;
				GENERATE_INFOPLIST_FILE = YES;
				IPHONEOS_DEPLOYMENT_TARGET = 16.0;
				MARKETING_VERSION = 1.0;
				PRODUCT_BUNDLE_IDENTIFIER = "MApps.Zaza-HunterTests";
				PRODUCT_NAME = "$(TARGET_NAME)";
				SWIFT_EMIT_LOC_STRINGS = NO;
				SWIFT_VERSION = 5.0;
				TARGETED_DEVICE_FAMILY = "1,2";
				TEST_HOST = "$(BUILT_PRODUCTS_DIR)/Zaza Hunter.app/$(BUNDLE_EXECUTABLE_FOLDER_PATH)/Zaza Hunter";
			};
			name = Debug;
		};
		30B4F07829A6C0D700214769 /* Release */ = {
			isa = XCBuildConfiguration;
			buildSettings = {
				ALWAYS_EMBED_SWIFT_STANDARD_LIBRARIES = YES;
				BUNDLE_LOADER = "$(TEST_HOST)";
				CODE_SIGN_STYLE = Automatic;
				CURRENT_PROJECT_VERSION = 1;
				DEVELOPMENT_TEAM = NX45SC475G;
				GENERATE_INFOPLIST_FILE = YES;
				IPHONEOS_DEPLOYMENT_TARGET = 16.0;
				MARKETING_VERSION = 1.0;
				PRODUCT_BUNDLE_IDENTIFIER = "MApps.Zaza-HunterTests";
				PRODUCT_NAME = "$(TARGET_NAME)";
				SWIFT_EMIT_LOC_STRINGS = NO;
				SWIFT_VERSION = 5.0;
				TARGETED_DEVICE_FAMILY = "1,2";
				TEST_HOST = "$(BUILT_PRODUCTS_DIR)/Zaza Hunter.app/$(BUNDLE_EXECUTABLE_FOLDER_PATH)/Zaza Hunter";
			};
			name = Release;
		};
		30B4F07A29A6C0D700214769 /* Debug */ = {
			isa = XCBuildConfiguration;
			buildSettings = {
				ALWAYS_EMBED_SWIFT_STANDARD_LIBRARIES = YES;
				CODE_SIGN_STYLE = Automatic;
				CURRENT_PROJECT_VERSION = 1;
				DEVELOPMENT_TEAM = NX45SC475G;
				GENERATE_INFOPLIST_FILE = YES;
				MARKETING_VERSION = 1.0;
				PRODUCT_BUNDLE_IDENTIFIER = "MApps.Zaza-HunterUITests";
				PRODUCT_NAME = "$(TARGET_NAME)";
				SWIFT_EMIT_LOC_STRINGS = NO;
				SWIFT_VERSION = 5.0;
				TARGETED_DEVICE_FAMILY = "1,2";
				TEST_TARGET_NAME = "Zaza Hunter";
			};
			name = Debug;
		};
		30B4F07B29A6C0D700214769 /* Release */ = {
			isa = XCBuildConfiguration;
			buildSettings = {
				ALWAYS_EMBED_SWIFT_STANDARD_LIBRARIES = YES;
				CODE_SIGN_STYLE = Automatic;
				CURRENT_PROJECT_VERSION = 1;
				DEVELOPMENT_TEAM = NX45SC475G;
				GENERATE_INFOPLIST_FILE = YES;
				MARKETING_VERSION = 1.0;
				PRODUCT_BUNDLE_IDENTIFIER = "MApps.Zaza-HunterUITests";
				PRODUCT_NAME = "$(TARGET_NAME)";
				SWIFT_EMIT_LOC_STRINGS = NO;
				SWIFT_VERSION = 5.0;
				TARGETED_DEVICE_FAMILY = "1,2";
				TEST_TARGET_NAME = "Zaza Hunter";
			};
			name = Release;
		};
/* End XCBuildConfiguration section */

/* Begin XCConfigurationList section */
		30B4F04A29A6C0D500214769 /* Build configuration list for PBXProject "Zaza Hunter" */ = {
			isa = XCConfigurationList;
			buildConfigurations = (
				30B4F07129A6C0D700214769 /* Debug */,
				30B4F07229A6C0D700214769 /* Release */,
			);
			defaultConfigurationIsVisible = 0;
			defaultConfigurationName = Release;
		};
		30B4F07329A6C0D700214769 /* Build configuration list for PBXNativeTarget "Zaza Hunter" */ = {
			isa = XCConfigurationList;
			buildConfigurations = (
				30B4F07429A6C0D700214769 /* Debug */,
				30B4F07529A6C0D700214769 /* Release */,
			);
			defaultConfigurationIsVisible = 0;
			defaultConfigurationName = Release;
		};
		30B4F07629A6C0D700214769 /* Build configuration list for PBXNativeTarget "Zaza HunterTests" */ = {
			isa = XCConfigurationList;
			buildConfigurations = (
				30B4F07729A6C0D700214769 /* Debug */,
				30B4F07829A6C0D700214769 /* Release */,
			);
			defaultConfigurationIsVisible = 0;
			defaultConfigurationName = Release;
		};
		30B4F07929A6C0D700214769 /* Build configuration list for PBXNativeTarget "Zaza HunterUITests" */ = {
			isa = XCConfigurationList;
			buildConfigurations = (
				30B4F07A29A6C0D700214769 /* Debug */,
				30B4F07B29A6C0D700214769 /* Release */,
			);
			defaultConfigurationIsVisible = 0;
			defaultConfigurationName = Release;
		};
/* End XCConfigurationList section */
	};
	rootObject = 30B4F04729A6C0D500214769 /* Project object */;
}
